
Microsoft Visual Studio Solution File, Format Version 12.00
# Visual Studio Version 17
VisualStudioVersion = 17.0.31912.275
MinimumVisualStudioVersion = 10.0.40219.1
Project("{FAE04EC0-301F-11D3-BF4B-00C04F79EFBC}") = "Net5.Fundamentals.ControlStructure", "Net5.Fundamentals.ControlStructure\Net5.Fundamentals.ControlStructure.csproj", "{443186B3-E44F-40DF-A3AF-3B5763D5BEC7}"
EndProject
Global
	GlobalSection(SolutionConfigurationPlatforms) = preSolution
		Debug|Any CPU = Debug|Any CPU
		Release|Any CPU = Release|Any CPU
	EndGlobalSection
	GlobalSection(ProjectConfigurationPlatforms) = postSolution
		{443186B3-E44F-40DF-A3AF-3B5763D5BEC7}.Debug|Any CPU.ActiveCfg = Debug|Any CPU
		{443186B3-E44F-40DF-A3AF-3B5763D5BEC7}.Debug|Any CPU.Build.0 = Debug|Any CPU
		{443186B3-E44F-40DF-A3AF-3B5763D5BEC7}.Release|Any CPU.ActiveCfg = Release|Any CPU
		{443186B3-E44F-40DF-A3AF-3B5763D5BEC7}.Release|Any CPU.Build.0 = Release|Any CPU
	EndGlobalSection
	GlobalSection(SolutionProperties) = preSolution
		HideSolutionNode = FALSE
	EndGlobalSection
	GlobalSection(ExtensibilityGlobals) = postSolution
		SolutionGuid = {843F74D4-7DD1-4F19-A4BC-16C2507E47FB}
	EndGlobalSection
EndGlobal
