
Microsoft Visual Studio Solution File, Format Version 12.00
# Visual Studio Version 17
VisualStudioVersion = 17.1.32210.238
MinimumVisualStudioVersion = 10.0.40219.1
Project("{FAE04EC0-301F-11D3-BF4B-00C04F79EFBC}") = "Net5.Fundamentals.AspNet.Client", "Net5.Fundamentals.AspNet.Client\Net5.Fundamentals.AspNet.Client.csproj", "{B7ECB26D-B349-444E-8588-7C9C3124D8D7}"
EndProject
Project("{FAE04EC0-301F-11D3-BF4B-00C04F79EFBC}") = "Net5.Fundamentals.AspNet.Data", "Net5.Fundamentals.AspNet.Data\Net5.Fundamentals.AspNet.Data.csproj", "{E631A560-9F05-4544-A090-59D9D7D93D6E}"
EndProject
Global
	GlobalSection(SolutionConfigurationPlatforms) = preSolution
		Debug|Any CPU = Debug|Any CPU
		Release|Any CPU = Release|Any CPU
	EndGlobalSection
	GlobalSection(ProjectConfigurationPlatforms) = postSolution
		{B7ECB26D-B349-444E-8588-7C9C3124D8D7}.Debug|Any CPU.ActiveCfg = Debug|Any CPU
		{B7ECB26D-B349-444E-8588-7C9C3124D8D7}.Debug|Any CPU.Build.0 = Debug|Any CPU
		{B7ECB26D-B349-444E-8588-7C9C3124D8D7}.Release|Any CPU.ActiveCfg = Release|Any CPU
		{B7ECB26D-B349-444E-8588-7C9C3124D8D7}.Release|Any CPU.Build.0 = Release|Any CPU
		{E631A560-9F05-4544-A090-59D9D7D93D6E}.Debug|Any CPU.ActiveCfg = Debug|Any CPU
		{E631A560-9F05-4544-A090-59D9D7D93D6E}.Debug|Any CPU.Build.0 = Debug|Any CPU
		{E631A560-9F05-4544-A090-59D9D7D93D6E}.Release|Any CPU.ActiveCfg = Release|Any CPU
		{E631A560-9F05-4544-A090-59D9D7D93D6E}.Release|Any CPU.Build.0 = Release|Any CPU
	EndGlobalSection
	GlobalSection(SolutionProperties) = preSolution
		HideSolutionNode = FALSE
	EndGlobalSection
	GlobalSection(ExtensibilityGlobals) = postSolution
		SolutionGuid = {ABF88C87-77AD-45F2-B902-7713B96D39EC}
	EndGlobalSection
EndGlobal
